// !$*UTF8*$!
{
	archiveVersion = 1;
	classes = {
	};
	objectVersion = 56;
	objects = {

/* Begin PBXBuildFile section */
		527EAF342958899E00FAE6AD /* Utility.swift in Sources */ = {isa = PBXBuildFile; fileRef = 527EAF332958899E00FAE6AD /* Utility.swift */; };
		527EAF372958936E00FAE6AD /* CoreDataDB.xcdatamodeld in Sources */ = {isa = PBXBuildFile; fileRef = 527EAF352958936E00FAE6AD /* CoreDataDB.xcdatamodeld */; };
		527EAF4E2959713D00FAE6AD /* Cart+Extension.swift in Sources */ = {isa = PBXBuildFile; fileRef = 527EAF4D2959713D00FAE6AD /* Cart+Extension.swift */; };
		527EAF51295972C600FAE6AD /* DatabaseManager.swift in Sources */ = {isa = PBXBuildFile; fileRef = 527EAF50295972C600FAE6AD /* DatabaseManager.swift */; };
		527EAF552959816700FAE6AD /* StoreScreenCell.swift in Sources */ = {isa = PBXBuildFile; fileRef = 527EAF542959816700FAE6AD /* StoreScreenCell.swift */; };
		527EAF572959865200FAE6AD /* CartDatasource.swift in Sources */ = {isa = PBXBuildFile; fileRef = 527EAF562959865200FAE6AD /* CartDatasource.swift */; };
		527EAF5B29598DEC00FAE6AD /* Cell+Extension.swift in Sources */ = {isa = PBXBuildFile; fileRef = 527EAF5A29598DEC00FAE6AD /* Cell+Extension.swift */; };
		527EAF5D2959AB9700FAE6AD /* ItemListDatasource.swift in Sources */ = {isa = PBXBuildFile; fileRef = 527EAF5C2959AB9700FAE6AD /* ItemListDatasource.swift */; };
		528C70292954C3BA00309F5B /* ShopNameCell.swift in Sources */ = {isa = PBXBuildFile; fileRef = 528C70282954C3BA00309F5B /* ShopNameCell.swift */; };
		528C702B2954C40300309F5B /* ShopItemNameCell.swift in Sources */ = {isa = PBXBuildFile; fileRef = 528C702A2954C40300309F5B /* ShopItemNameCell.swift */; };
		528C702D2954CA3800309F5B /* ShopDataModel.swift in Sources */ = {isa = PBXBuildFile; fileRef = 528C702C2954CA3800309F5B /* ShopDataModel.swift */; };
		528C702F29555BDA00309F5B /* pathao-shop.json in Resources */ = {isa = PBXBuildFile; fileRef = 528C702E29555BDA00309F5B /* pathao-shop.json */; };
		529E87B42958265600FCAFB1 /* Extension.swift in Sources */ = {isa = PBXBuildFile; fileRef = 529E87B32958265600FCAFB1 /* Extension.swift */; };
		529E87B629582EB700FCAFB1 /* ItemListScreenViewController.swift in Sources */ = {isa = PBXBuildFile; fileRef = 529E87B529582EB700FCAFB1 /* ItemListScreenViewController.swift */; };
		529E87BE2958300D00FCAFB1 /* ItemListCollectionCell.swift in Sources */ = {isa = PBXBuildFile; fileRef = 529E87BD2958300D00FCAFB1 /* ItemListCollectionCell.swift */; };
		529E87C12958305800FCAFB1 /* StoreScreenViewController.swift in Sources */ = {isa = PBXBuildFile; fileRef = 529E87C02958305800FCAFB1 /* StoreScreenViewController.swift */; };
		52B309C129540F1300AF0ACE /* AppDelegate.swift in Sources */ = {isa = PBXBuildFile; fileRef = 52B309C029540F1300AF0ACE /* AppDelegate.swift */; };
		52B309C329540F1300AF0ACE /* SceneDelegate.swift in Sources */ = {isa = PBXBuildFile; fileRef = 52B309C229540F1300AF0ACE /* SceneDelegate.swift */; };
		52B309C529540F1300AF0ACE /* ViewController.swift in Sources */ = {isa = PBXBuildFile; fileRef = 52B309C429540F1300AF0ACE /* ViewController.swift */; };
		52B309C829540F1300AF0ACE /* Main.storyboard in Resources */ = {isa = PBXBuildFile; fileRef = 52B309C629540F1300AF0ACE /* Main.storyboard */; };
		52B309CA29540F1400AF0ACE /* Assets.xcassets in Resources */ = {isa = PBXBuildFile; fileRef = 52B309C929540F1400AF0ACE /* Assets.xcassets */; };
		52B309CD29540F1400AF0ACE /* LaunchScreen.storyboard in Resources */ = {isa = PBXBuildFile; fileRef = 52B309CB29540F1400AF0ACE /* LaunchScreen.storyboard */; };
/* End PBXBuildFile section */

/* Begin PBXFileReference section */
		527EAF332958899E00FAE6AD /* Utility.swift */ = {isa = PBXFileReference; lastKnownFileType = sourcecode.swift; path = Utility.swift; sourceTree = "<group>"; };
		527EAF362958936E00FAE6AD /* CoreDataDB.xcdatamodel */ = {isa = PBXFileReference; lastKnownFileType = wrapper.xcdatamodel; path = CoreDataDB.xcdatamodel; sourceTree = "<group>"; };
		527EAF4D2959713D00FAE6AD /* Cart+Extension.swift */ = {isa = PBXFileReference; lastKnownFileType = sourcecode.swift; path = "Cart+Extension.swift"; sourceTree = "<group>"; };
		527EAF50295972C600FAE6AD /* DatabaseManager.swift */ = {isa = PBXFileReference; lastKnownFileType = sourcecode.swift; path = DatabaseManager.swift; sourceTree = "<group>"; };
		527EAF542959816700FAE6AD /* StoreScreenCell.swift */ = {isa = PBXFileReference; lastKnownFileType = sourcecode.swift; path = StoreScreenCell.swift; sourceTree = "<group>"; };
		527EAF562959865200FAE6AD /* CartDatasource.swift */ = {isa = PBXFileReference; lastKnownFileType = sourcecode.swift; path = CartDatasource.swift; sourceTree = "<group>"; };
		527EAF5A29598DEC00FAE6AD /* Cell+Extension.swift */ = {isa = PBXFileReference; lastKnownFileType = sourcecode.swift; path = "Cell+Extension.swift"; sourceTree = "<group>"; };
		527EAF5C2959AB9700FAE6AD /* ItemListDatasource.swift */ = {isa = PBXFileReference; lastKnownFileType = sourcecode.swift; path = ItemListDatasource.swift; sourceTree = "<group>"; };
		528C70282954C3BA00309F5B /* ShopNameCell.swift */ = {isa = PBXFileReference; lastKnownFileType = sourcecode.swift; path = ShopNameCell.swift; sourceTree = "<group>"; };
		528C702A2954C40300309F5B /* ShopItemNameCell.swift */ = {isa = PBXFileReference; lastKnownFileType = sourcecode.swift; path = ShopItemNameCell.swift; sourceTree = "<group>"; };
		528C702C2954CA3800309F5B /* ShopDataModel.swift */ = {isa = PBXFileReference; lastKnownFileType = sourcecode.swift; path = ShopDataModel.swift; sourceTree = "<group>"; };
		528C702E29555BDA00309F5B /* pathao-shop.json */ = {isa = PBXFileReference; fileEncoding = 4; lastKnownFileType = text.json; path = "pathao-shop.json"; sourceTree = "<group>"; };
		529E87B32958265600FCAFB1 /* Extension.swift */ = {isa = PBXFileReference; lastKnownFileType = sourcecode.swift; path = Extension.swift; sourceTree = "<group>"; };
		529E87B529582EB700FCAFB1 /* ItemListScreenViewController.swift */ = {isa = PBXFileReference; lastKnownFileType = sourcecode.swift; path = ItemListScreenViewController.swift; sourceTree = "<group>"; };
		529E87BD2958300D00FCAFB1 /* ItemListCollectionCell.swift */ = {isa = PBXFileReference; lastKnownFileType = sourcecode.swift; path = ItemListCollectionCell.swift; sourceTree = "<group>"; };
		529E87C02958305800FCAFB1 /* StoreScreenViewController.swift */ = {isa = PBXFileReference; lastKnownFileType = sourcecode.swift; path = StoreScreenViewController.swift; sourceTree = "<group>"; };
		52B309BD29540F1300AF0ACE /* PathaoShop.app */ = {isa = PBXFileReference; explicitFileType = wrapper.application; includeInIndex = 0; path = PathaoShop.app; sourceTree = BUILT_PRODUCTS_DIR; };
		52B309C029540F1300AF0ACE /* AppDelegate.swift */ = {isa = PBXFileReference; lastKnownFileType = sourcecode.swift; path = AppDelegate.swift; sourceTree = "<group>"; };
		52B309C229540F1300AF0ACE /* SceneDelegate.swift */ = {isa = PBXFileReference; lastKnownFileType = sourcecode.swift; path = SceneDelegate.swift; sourceTree = "<group>"; };
		52B309C429540F1300AF0ACE /* ViewController.swift */ = {isa = PBXFileReference; lastKnownFileType = sourcecode.swift; path = ViewController.swift; sourceTree = "<group>"; };
		52B309C729540F1300AF0ACE /* Base */ = {isa = PBXFileReference; lastKnownFileType = file.storyboard; name = Base; path = Base.lproj/Main.storyboard; sourceTree = "<group>"; };
		52B309C929540F1400AF0ACE /* Assets.xcassets */ = {isa = PBXFileReference; lastKnownFileType = folder.assetcatalog; path = Assets.xcassets; sourceTree = "<group>"; };
		52B309CC29540F1400AF0ACE /* Base */ = {isa = PBXFileReference; lastKnownFileType = file.storyboard; name = Base; path = Base.lproj/LaunchScreen.storyboard; sourceTree = "<group>"; };
		52B309CE29540F1400AF0ACE /* Info.plist */ = {isa = PBXFileReference; lastKnownFileType = text.plist.xml; path = Info.plist; sourceTree = "<group>"; };
/* End PBXFileReference section */

/* Begin PBXFrameworksBuildPhase section */
		52B309BA29540F1300AF0ACE /* Frameworks */ = {
			isa = PBXFrameworksBuildPhase;
			buildActionMask = 2147483647;
			files = (
			);
			runOnlyForDeploymentPostprocessing = 0;
		};
/* End PBXFrameworksBuildPhase section */

/* Begin PBXGroup section */
		527EAF322958898000FAE6AD /* Helpers */ = {
			isa = PBXGroup;
			children = (
				527EAF332958899E00FAE6AD /* Utility.swift */,
				529E87B32958265600FCAFB1 /* Extension.swift */,
				527EAF5A29598DEC00FAE6AD /* Cell+Extension.swift */,
			);
			path = Helpers;
			sourceTree = "<group>";
		};
		527EAF382958938400FAE6AD /* CoreData */ = {
			isa = PBXGroup;
			children = (
				527EAF352958936E00FAE6AD /* CoreDataDB.xcdatamodeld */,
			);
			path = CoreData;
			sourceTree = "<group>";
		};
		527EAF4F295972B700FAE6AD /* Manager */ = {
			isa = PBXGroup;
			children = (
				527EAF50295972C600FAE6AD /* DatabaseManager.swift */,
			);
			path = Manager;
			sourceTree = "<group>";
		};
		529E87B729582EE200FCAFB1 /* HomeScreen */ = {
			isa = PBXGroup;
			children = (
				529E87B829582F0D00FCAFB1 /* Cell */,
				52B309C429540F1300AF0ACE /* ViewController.swift */,
			);
			path = HomeScreen;
			sourceTree = "<group>";
		};
		529E87B829582F0D00FCAFB1 /* Cell */ = {
			isa = PBXGroup;
			children = (
				528C70282954C3BA00309F5B /* ShopNameCell.swift */,
				528C702A2954C40300309F5B /* ShopItemNameCell.swift */,
			);
			path = Cell;
			sourceTree = "<group>";
		};
		529E87B929582F3000FCAFB1 /* Model */ = {
			isa = PBXGroup;
			children = (
				528C702C2954CA3800309F5B /* ShopDataModel.swift */,
			);
			path = Model;
			sourceTree = "<group>";
		};
		529E87BA29582F7A00FCAFB1 /* Controller */ = {
			isa = PBXGroup;
			children = (
				529E87B729582EE200FCAFB1 /* HomeScreen */,
				529E87BB29582F9400FCAFB1 /* ItemListScreen */,
			);
			path = Controller;
			sourceTree = "<group>";
		};
		529E87BB29582F9400FCAFB1 /* ItemListScreen */ = {
			isa = PBXGroup;
			children = (
				529E87BC29582FB400FCAFB1 /* Cell */,
				529E87B529582EB700FCAFB1 /* ItemListScreenViewController.swift */,
				527EAF5C2959AB9700FAE6AD /* ItemListDatasource.swift */,
			);
			path = ItemListScreen;
			sourceTree = "<group>";
		};
		529E87BC29582FB400FCAFB1 /* Cell */ = {
			isa = PBXGroup;
			children = (
				529E87BD2958300D00FCAFB1 /* ItemListCollectionCell.swift */,
			);
			path = Cell;
			sourceTree = "<group>";
		};
		529E87BF2958302700FCAFB1 /* StoreScreen */ = {
			isa = PBXGroup;
			children = (
				527EAF542959816700FAE6AD /* StoreScreenCell.swift */,
				529E87C02958305800FCAFB1 /* StoreScreenViewController.swift */,
				527EAF562959865200FAE6AD /* CartDatasource.swift */,
				527EAF4D2959713D00FAE6AD /* Cart+Extension.swift */,
			);
			path = StoreScreen;
			sourceTree = "<group>";
		};
		52B309B429540F1300AF0ACE = {
			isa = PBXGroup;
			children = (
				52B309BF29540F1300AF0ACE /* PathaoShop */,
				52B309BE29540F1300AF0ACE /* Products */,
			);
			sourceTree = "<group>";
		};
		52B309BE29540F1300AF0ACE /* Products */ = {
			isa = PBXGroup;
			children = (
				52B309BD29540F1300AF0ACE /* PathaoShop.app */,
			);
			name = Products;
			sourceTree = "<group>";
		};
		52B309BF29540F1300AF0ACE /* PathaoShop */ = {
			isa = PBXGroup;
			children = (
				527EAF4F295972B700FAE6AD /* Manager */,
				52B309C029540F1300AF0ACE /* AppDelegate.swift */,
				52B309C229540F1300AF0ACE /* SceneDelegate.swift */,
				529E87BA29582F7A00FCAFB1 /* Controller */,
				529E87BF2958302700FCAFB1 /* StoreScreen */,
				529E87B929582F3000FCAFB1 /* Model */,
				527EAF322958898000FAE6AD /* Helpers */,
				527EAF382958938400FAE6AD /* CoreData */,
				52B309C629540F1300AF0ACE /* Main.storyboard */,
				528C702E29555BDA00309F5B /* pathao-shop.json */,
				52B309C929540F1400AF0ACE /* Assets.xcassets */,
				52B309CB29540F1400AF0ACE /* LaunchScreen.storyboard */,
				52B309CE29540F1400AF0ACE /* Info.plist */,
			);
			path = PathaoShop;
			sourceTree = "<group>";
		};
/* End PBXGroup section */

/* Begin PBXNativeTarget section */
		52B309BC29540F1300AF0ACE /* PathaoShop */ = {
			isa = PBXNativeTarget;
			buildConfigurationList = 52B309D129540F1400AF0ACE /* Build configuration list for PBXNativeTarget "PathaoShop" */;
			buildPhases = (
				52B309B929540F1300AF0ACE /* Sources */,
				52B309BA29540F1300AF0ACE /* Frameworks */,
				52B309BB29540F1300AF0ACE /* Resources */,
			);
			buildRules = (
			);
			dependencies = (
			);
			name = PathaoShop;
			productName = PathaoShop;
			productReference = 52B309BD29540F1300AF0ACE /* PathaoShop.app */;
			productType = "com.apple.product-type.application";
		};
/* End PBXNativeTarget section */

/* Begin PBXProject section */
		52B309B529540F1300AF0ACE /* Project object */ = {
			isa = PBXProject;
			attributes = {
				BuildIndependentTargetsInParallel = NO;
				LastSwiftUpdateCheck = 1400;
				LastUpgradeCheck = 1400;
				TargetAttributes = {
					52B309BC29540F1300AF0ACE = {
						CreatedOnToolsVersion = 14.0.1;
					};
				};
			};
			buildConfigurationList = 52B309B829540F1300AF0ACE /* Build configuration list for PBXProject "PathaoShop" */;
			compatibilityVersion = "Xcode 14.0";
			developmentRegion = en;
			hasScannedForEncodings = 0;
			knownRegions = (
				en,
				Base,
			);
			mainGroup = 52B309B429540F1300AF0ACE;
			productRefGroup = 52B309BE29540F1300AF0ACE /* Products */;
			projectDirPath = "";
			projectRoot = "";
			targets = (
				52B309BC29540F1300AF0ACE /* PathaoShop */,
			);
		};
/* End PBXProject section */

/* Begin PBXResourcesBuildPhase section */
		52B309BB29540F1300AF0ACE /* Resources */ = {
			isa = PBXResourcesBuildPhase;
			buildActionMask = 2147483647;
			files = (
				528C702F29555BDA00309F5B /* pathao-shop.json in Resources */,
				52B309CD29540F1400AF0ACE /* LaunchScreen.storyboard in Resources */,
				52B309CA29540F1400AF0ACE /* Assets.xcassets in Resources */,
				52B309C829540F1300AF0ACE /* Main.storyboard in Resources */,
			);
			runOnlyForDeploymentPostprocessing = 0;
		};
/* End PBXResourcesBuildPhase section */

/* Begin PBXSourcesBuildPhase section */
		52B309B929540F1300AF0ACE /* Sources */ = {
			isa = PBXSourcesBuildPhase;
			buildActionMask = 2147483647;
			files = (
				528C70292954C3BA00309F5B /* ShopNameCell.swift in Sources */,
				527EAF552959816700FAE6AD /* StoreScreenCell.swift in Sources */,
				528C702D2954CA3800309F5B /* ShopDataModel.swift in Sources */,
				529E87BE2958300D00FCAFB1 /* ItemListCollectionCell.swift in Sources */,
				527EAF572959865200FAE6AD /* CartDatasource.swift in Sources */,
				527EAF342958899E00FAE6AD /* Utility.swift in Sources */,
				527EAF372958936E00FAE6AD /* CoreDataDB.xcdatamodeld in Sources */,
				529E87B42958265600FCAFB1 /* Extension.swift in Sources */,
				527EAF51295972C600FAE6AD /* DatabaseManager.swift in Sources */,
				529E87B629582EB700FCAFB1 /* ItemListScreenViewController.swift in Sources */,
				52B309C529540F1300AF0ACE /* ViewController.swift in Sources */,
				527EAF4E2959713D00FAE6AD /* Cart+Extension.swift in Sources */,
				527EAF5B29598DEC00FAE6AD /* Cell+Extension.swift in Sources */,
				528C702B2954C40300309F5B /* ShopItemNameCell.swift in Sources */,
				52B309C129540F1300AF0ACE /* AppDelegate.swift in Sources */,
				529E87C12958305800FCAFB1 /* StoreScreenViewController.swift in Sources */,
				52B309C329540F1300AF0ACE /* SceneDelegate.swift in Sources */,
				527EAF5D2959AB9700FAE6AD /* ItemListDatasource.swift in Sources */,
			);
			runOnlyForDeploymentPostprocessing = 0;
		};
/* End PBXSourcesBuildPhase section */

/* Begin PBXVariantGroup section */
		52B309C629540F1300AF0ACE /* Main.storyboard */ = {
			isa = PBXVariantGroup;
			children = (
				52B309C729540F1300AF0ACE /* Base */,
			);
			name = Main.storyboard;
			sourceTree = "<group>";
		};
		52B309CB29540F1400AF0ACE /* LaunchScreen.storyboard */ = {
			isa = PBXVariantGroup;
			children = (
				52B309CC29540F1400AF0ACE /* Base */,
			);
			name = LaunchScreen.storyboard;
			sourceTree = "<group>";
		};
/* End PBXVariantGroup section */

/* Begin XCBuildConfiguration section */
		52B309CF29540F1400AF0ACE /* Debug */ = {
			isa = XCBuildConfiguration;
			buildSettings = {
				ALWAYS_SEARCH_USER_PATHS = NO;
				CLANG_ANALYZER_NONNULL = YES;
				CLANG_ANALYZER_NUMBER_OBJECT_CONVERSION = YES_AGGRESSIVE;
				CLANG_CXX_LANGUAGE_STANDARD = "gnu++20";
				CLANG_ENABLE_MODULES = YES;
				CLANG_ENABLE_OBJC_ARC = YES;
				CLANG_ENABLE_OBJC_WEAK = YES;
				CLANG_WARN_BLOCK_CAPTURE_AUTORELEASING = YES;
				CLANG_WARN_BOOL_CONVERSION = YES;
				CLANG_WARN_COMMA = YES;
				CLANG_WARN_CONSTANT_CONVERSION = YES;
				CLANG_WARN_DEPRECATED_OBJC_IMPLEMENTATIONS = YES;
				CLANG_WARN_DIRECT_OBJC_ISA_USAGE = YES_ERROR;
				CLANG_WARN_DOCUMENTATION_COMMENTS = YES;
				CLANG_WARN_EMPTY_BODY = YES;
				CLANG_WARN_ENUM_CONVERSION = YES;
				CLANG_WARN_INFINITE_RECURSION = YES;
				CLANG_WARN_INT_CONVERSION = YES;
				CLANG_WARN_NON_LITERAL_NULL_CONVERSION = YES;
				CLANG_WARN_OBJC_IMPLICIT_RETAIN_SELF = YES;
				CLANG_WARN_OBJC_LITERAL_CONVERSION = YES;
				CLANG_WARN_OBJC_ROOT_CLASS = YES_ERROR;
				CLANG_WARN_QUOTED_INCLUDE_IN_FRAMEWORK_HEADER = YES;
				CLANG_WARN_RANGE_LOOP_ANALYSIS = YES;
				CLANG_WARN_STRICT_PROTOTYPES = YES;
				CLANG_WARN_SUSPICIOUS_MOVE = YES;
				CLANG_WARN_UNGUARDED_AVAILABILITY = YES_AGGRESSIVE;
				CLANG_WARN_UNREACHABLE_CODE = YES;
				CLANG_WARN__DUPLICATE_METHOD_MATCH = YES;
				COPY_PHASE_STRIP = NO;
				DEBUG_INFORMATION_FORMAT = dwarf;
				ENABLE_STRICT_OBJC_MSGSEND = YES;
				ENABLE_TESTABILITY = YES;
				GCC_C_LANGUAGE_STANDARD = gnu11;
				GCC_DYNAMIC_NO_PIC = NO;
				GCC_NO_COMMON_BLOCKS = YES;
				GCC_OPTIMIZATION_LEVEL = 0;
				GCC_PREPROCESSOR_DEFINITIONS = (
					"DEBUG=1",
					"$(inherited)",
				);
				GCC_WARN_64_TO_32_BIT_CONVERSION = YES;
				GCC_WARN_ABOUT_RETURN_TYPE = YES_ERROR;
				GCC_WARN_UNDECLARED_SELECTOR = YES;
				GCC_WARN_UNINITIALIZED_AUTOS = YES_AGGRESSIVE;
				GCC_WARN_UNUSED_FUNCTION = YES;
				GCC_WARN_UNUSED_VARIABLE = YES;
				IPHONEOS_DEPLOYMENT_TARGET = 16.0;
				MTL_ENABLE_DEBUG_INFO = INCLUDE_SOURCE;
				MTL_FAST_MATH = YES;
				ONLY_ACTIVE_ARCH = YES;
				SDKROOT = iphoneos;
				SWIFT_ACTIVE_COMPILATION_CONDITIONS = DEBUG;
				SWIFT_OPTIMIZATION_LEVEL = "-Onone";
			};
			name = Debug;
		};
		52B309D029540F1400AF0ACE /* Release */ = {
			isa = XCBuildConfiguration;
			buildSettings = {
				ALWAYS_SEARCH_USER_PATHS = NO;
				CLANG_ANALYZER_NONNULL = YES;
				CLANG_ANALYZER_NUMBER_OBJECT_CONVERSION = YES_AGGRESSIVE;
				CLANG_CXX_LANGUAGE_STANDARD = "gnu++20";
				CLANG_ENABLE_MODULES = YES;
				CLANG_ENABLE_OBJC_ARC = YES;
				CLANG_ENABLE_OBJC_WEAK = YES;
				CLANG_WARN_BLOCK_CAPTURE_AUTORELEASING = YES;
				CLANG_WARN_BOOL_CONVERSION = YES;
				CLANG_WARN_COMMA = YES;
				CLANG_WARN_CONSTANT_CONVERSION = YES;
				CLANG_WARN_DEPRECATED_OBJC_IMPLEMENTATIONS = YES;
				CLANG_WARN_DIRECT_OBJC_ISA_USAGE = YES_ERROR;
				CLANG_WARN_DOCUMENTATION_COMMENTS = YES;
				CLANG_WARN_EMPTY_BODY = YES;
				CLANG_WARN_ENUM_CONVERSION = YES;
				CLANG_WARN_INFINITE_RECURSION = YES;
				CLANG_WARN_INT_CONVERSION = YES;
				CLANG_WARN_NON_LITERAL_NULL_CONVERSION = YES;
				CLANG_WARN_OBJC_IMPLICIT_RETAIN_SELF = YES;
				CLANG_WARN_OBJC_LITERAL_CONVERSION = YES;
				CLANG_WARN_OBJC_ROOT_CLASS = YES_ERROR;
				CLANG_WARN_QUOTED_INCLUDE_IN_FRAMEWORK_HEADER = YES;
				CLANG_WARN_RANGE_LOOP_ANALYSIS = YES;
				CLANG_WARN_STRICT_PROTOTYPES = YES;
				CLANG_WARN_SUSPICIOUS_MOVE = YES;
				CLANG_WARN_UNGUARDED_AVAILABILITY = YES_AGGRESSIVE;
				CLANG_WARN_UNREACHABLE_CODE = YES;
				CLANG_WARN__DUPLICATE_METHOD_MATCH = YES;
				COPY_PHASE_STRIP = NO;
				DEBUG_INFORMATION_FORMAT = "dwarf-with-dsym";
				ENABLE_NS_ASSERTIONS = NO;
				ENABLE_STRICT_OBJC_MSGSEND = YES;
				GCC_C_LANGUAGE_STANDARD = gnu11;
				GCC_NO_COMMON_BLOCKS = YES;
				GCC_WARN_64_TO_32_BIT_CONVERSION = YES;
				GCC_WARN_ABOUT_RETURN_TYPE = YES_ERROR;
				GCC_WARN_UNDECLARED_SELECTOR = YES;
				GCC_WARN_UNINITIALIZED_AUTOS = YES_AGGRESSIVE;
				GCC_WARN_UNUSED_FUNCTION = YES;
				GCC_WARN_UNUSED_VARIABLE = YES;
				IPHONEOS_DEPLOYMENT_TARGET = 16.0;
				MTL_ENABLE_DEBUG_INFO = NO;
				MTL_FAST_MATH = YES;
				SDKROOT = iphoneos;
				SWIFT_COMPILATION_MODE = wholemodule;
				SWIFT_OPTIMIZATION_LEVEL = "-O";
				VALIDATE_PRODUCT = YES;
			};
			name = Release;
		};
		52B309D229540F1400AF0ACE /* Debug */ = {
			isa = XCBuildConfiguration;
			buildSettings = {
				ASSETCATALOG_COMPILER_APPICON_NAME = AppIcon;
				ASSETCATALOG_COMPILER_GLOBAL_ACCENT_COLOR_NAME = AccentColor;
				CODE_SIGN_STYLE = Automatic;
				CURRENT_PROJECT_VERSION = 1;
				DEVELOPMENT_TEAM = MC4C2RTHQG;
				GENERATE_INFOPLIST_FILE = YES;
				INFOPLIST_FILE = PathaoShop/Info.plist;
				INFOPLIST_KEY_UIApplicationSupportsIndirectInputEvents = YES;
				INFOPLIST_KEY_UILaunchStoryboardName = LaunchScreen;
				INFOPLIST_KEY_UIMainStoryboardFile = Main;
				INFOPLIST_KEY_UISupportedInterfaceOrientations_iPad = "UIInterfaceOrientationPortrait UIInterfaceOrientationPortraitUpsideDown UIInterfaceOrientationLandscapeLeft UIInterfaceOrientationLandscapeRight";
				INFOPLIST_KEY_UISupportedInterfaceOrientations_iPhone = "UIInterfaceOrientationPortrait UIInterfaceOrientationLandscapeLeft UIInterfaceOrientationLandscapeRight";
				IPHONEOS_DEPLOYMENT_TARGET = 15.0;
				LD_RUNPATH_SEARCH_PATHS = (
					"$(inherited)",
					"@executable_path/Frameworks",
				);
				MARKETING_VERSION = 1.0;
				PRODUCT_BUNDLE_IDENTIFIER = parcelmagic.PathaoShop;
				PRODUCT_NAME = "$(TARGET_NAME)";
				SWIFT_EMIT_LOC_STRINGS = YES;
				SWIFT_VERSION = 5.0;
				TARGETED_DEVICE_FAMILY = "1,2";
			};
			name = Debug;
		};
		52B309D329540F1400AF0ACE /* Release */ = {
			isa = XCBuildConfiguration;
			buildSettings = {
				ASSETCATALOG_COMPILER_APPICON_NAME = AppIcon;
				ASSETCATALOG_COMPILER_GLOBAL_ACCENT_COLOR_NAME = AccentColor;
				CODE_SIGN_STYLE = Automatic;
				CURRENT_PROJECT_VERSION = 1;
				DEVELOPMENT_TEAM = MC4C2RTHQG;
				GENERATE_INFOPLIST_FILE = YES;
				INFOPLIST_FILE = PathaoShop/Info.plist;
				INFOPLIST_KEY_UIApplicationSupportsIndirectInputEvents = YES;
				INFOPLIST_KEY_UILaunchStoryboardName = LaunchScreen;
				INFOPLIST_KEY_UIMainStoryboardFile = Main;
				INFOPLIST_KEY_UISupportedInterfaceOrientations_iPad = "UIInterfaceOrientationPortrait UIInterfaceOrientationPortraitUpsideDown UIInterfaceOrientationLandscapeLeft UIInterfaceOrientationLandscapeRight";
				INFOPLIST_KEY_UISupportedInterfaceOrientations_iPhone = "UIInterfaceOrientationPortrait UIInterfaceOrientationLandscapeLeft UIInterfaceOrientationLandscapeRight";
				IPHONEOS_DEPLOYMENT_TARGET = 15.0;
				LD_RUNPATH_SEARCH_PATHS = (
					"$(inherited)",
					"@executable_path/Frameworks",
				);
				MARKETING_VERSION = 1.0;
				PRODUCT_BUNDLE_IDENTIFIER = parcelmagic.PathaoShop;
				PRODUCT_NAME = "$(TARGET_NAME)";
				SWIFT_EMIT_LOC_STRINGS = YES;
				SWIFT_VERSION = 5.0;
				TARGETED_DEVICE_FAMILY = "1,2";
			};
			name = Release;
		};
/* End XCBuildConfiguration section */

/* Begin XCConfigurationList section */
		52B309B829540F1300AF0ACE /* Build configuration list for PBXProject "PathaoShop" */ = {
			isa = XCConfigurationList;
			buildConfigurations = (
				52B309CF29540F1400AF0ACE /* Debug */,
				52B309D029540F1400AF0ACE /* Release */,
			);
			defaultConfigurationIsVisible = 0;
			defaultConfigurationName = Release;
		};
		52B309D129540F1400AF0ACE /* Build configuration list for PBXNativeTarget "PathaoShop" */ = {
			isa = XCConfigurationList;
			buildConfigurations = (
				52B309D229540F1400AF0ACE /* Debug */,
				52B309D329540F1400AF0ACE /* Release */,
			);
			defaultConfigurationIsVisible = 0;
			defaultConfigurationName = Release;
		};
/* End XCConfigurationList section */

/* Begin XCVersionGroup section */
		527EAF352958936E00FAE6AD /* CoreDataDB.xcdatamodeld */ = {
			isa = XCVersionGroup;
			children = (
				527EAF362958936E00FAE6AD /* CoreDataDB.xcdatamodel */,
			);
			currentVersion = 527EAF362958936E00FAE6AD /* CoreDataDB.xcdatamodel */;
			path = CoreDataDB.xcdatamodeld;
			sourceTree = "<group>";
			versionGroupType = wrapper.xcdatamodel;
		};
/* End XCVersionGroup section */
	};
	rootObject = 52B309B529540F1300AF0ACE /* Project object */;
}
